
Microsoft Visual Studio Solution File, Format Version 12.00
# Visual Studio Version 17
VisualStudioVersion = 17.9.34607.119
MinimumVisualStudioVersion = 10.0.40219.1
Project("{9A19103F-16F7-4668-BE54-9A1E7A4F7556}") = "LibraryApi", "LibraryApi\LibraryApi.csproj", "{0A312C90-94B5-4125-AABD-7BB2907DFADB}"
EndProject
Project("{FAE04EC0-301F-11D3-BF4B-00C04F79EFBC}") = "LibraryApi.Test", "LibraryApi.Test\LibraryApi.Test.csproj", "{5D9A96AD-3AB8-44A5-AC09-2DFAEE92D68F}"
EndProject
Global
	GlobalSection(SolutionConfigurationPlatforms) = preSolution
		Debug|Any CPU = Debug|Any CPU
		Release|Any CPU = Release|Any CPU
	EndGlobalSection
	GlobalSection(ProjectConfigurationPlatforms) = postSolution
		{0A312C90-94B5-4125-AABD-7BB2907DFADB}.Debug|Any CPU.ActiveCfg = Debug|Any CPU
		{0A312C90-94B5-4125-AABD-7BB2907DFADB}.Debug|Any CPU.Build.0 = Debug|Any CPU
		{0A312C90-94B5-4125-AABD-7BB2907DFADB}.Release|Any CPU.ActiveCfg = Release|Any CPU
		{0A312C90-94B5-4125-AABD-7BB2907DFADB}.Release|Any CPU.Build.0 = Release|Any CPU
		{5D9A96AD-3AB8-44A5-AC09-2DFAEE92D68F}.Debug|Any CPU.ActiveCfg = Debug|Any CPU
		{5D9A96AD-3AB8-44A5-AC09-2DFAEE92D68F}.Debug|Any CPU.Build.0 = Debug|Any CPU
		{5D9A96AD-3AB8-44A5-AC09-2DFAEE92D68F}.Release|Any CPU.ActiveCfg = Release|Any CPU
		{5D9A96AD-3AB8-44A5-AC09-2DFAEE92D68F}.Release|Any CPU.Build.0 = Release|Any CPU
	EndGlobalSection
	GlobalSection(SolutionProperties) = preSolution
		HideSolutionNode = FALSE
	EndGlobalSection
	GlobalSection(ExtensibilityGlobals) = postSolution
		SolutionGuid = {390A6BE9-86A3-4FAF-973B-9B6A0F0DAFE5}
	EndGlobalSection
EndGlobal
